<?xml version="1.0" encoding="utf-8"?>
<Project ToolsVersion="4.0" xmlns="http://schemas.microsoft.com/developer/msbuild/2003">
  <ItemGroup>
    <Filter Include="源文件">
      <UniqueIdentifier>{4FC737F1-C7A5-4376-A066-2A32D752A2FF}</UniqueIdentifier>
      <Extensions>cpp;c;cc;cxx;def;odl;idl;hpj;bat;asm;asmx</Extensions>
    </Filter>
    <Filter Include="头文件">
      <UniqueIdentifier>{93995380-89BD-4b04-88EB-625FBE52EBFB}</UniqueIdentifier>
      <Extensions>h;hh;hpp;hxx;hm;inl;inc;xsd</Extensions>
    </Filter>
    <Filter Include="资源文件">
      <UniqueIdentifier>{67DA6AB6-F800-4c08-8B7A-83BB121AAD01}</UniqueIdentifier>
      <Extensions>rc;ico;cur;bmp;dlg;rc2;rct;bin;rgs;gif;jpg;jpeg;jpe;resx;tiff;tif;png;wav;mfcribbon-ms</Extensions>
    </Filter>
    <Filter Include="CameraModule">
      <UniqueIdentifier>{503dd8b6-100b-4b8a-a5d7-334812afe6a2}</UniqueIdentifier>
    </Filter>
    <Filter Include="coredump">
      <UniqueIdentifier>{14251f7c-baee-4996-8676-1d85430434d2}</UniqueIdentifier>
    </Filter>
    <Filter Include="libAVI">
      <UniqueIdentifier>{1e658d80-886d-4e7f-a105-fe863faaa166}</UniqueIdentifier>
    </Filter>
    <Filter Include="tinyxml">
      <UniqueIdentifier>{d1c9e055-0e90-4859-bdbf-50e72de43ee3}</UniqueIdentifier>
    </Filter>
    <Filter Include="utilityTool">
      <UniqueIdentifier>{273de8db-bde2-4159-bdf3-8ba1d2723437}</UniqueIdentifier>
    </Filter>
    <Filter Include="libVideoSaver">
      <UniqueIdentifier>{cc9abc82-d99b-4566-8d59-c6ce19483634}</UniqueIdentifier>
    </Filter>
  </ItemGroup>
  <ItemGroup>
    <Text Include="ReadMe.txt" />
  </ItemGroup>
  <ItemGroup>
    <ClInclude Include="stdafx.h">
      <Filter>头文件</Filter>
    </ClInclude>
    <ClInclude Include="targetver.h">
      <Filter>头文件</Filter>
    </ClInclude>
    <ClInclude Include="VehRecDll.h">
      <Filter>头文件</Filter>
    </ClInclude>
    <ClInclude Include="vehRecCommondef.h">
      <Filter>头文件</Filter>
    </ClInclude>
    <ClInclude Include="CameraModule\BaseCamera.h">
      <Filter>CameraModule</Filter>
    </ClInclude>
    <ClInclude Include="CameraModule\Camera6467_plate.h">
      <Filter>CameraModule</Filter>
    </ClInclude>
    <ClInclude Include="CameraModule\Camera6467_VFR.h">
      <Filter>CameraModule</Filter>
    </ClInclude>
    <ClInclude Include="CameraModule\CameraResult.h">
      <Filter>CameraModule</Filter>
    </ClInclude>
    <ClInclude Include="CameraModule\DeviceListManager.h">
      <Filter>CameraModule</Filter>
    </ClInclude>
    <ClInclude Include="CameraModule\ResultListManager.h">
      <Filter>CameraModule</Filter>
    </ClInclude>
    <ClInclude Include="CameraModule\ThreadSafeList.h">
      <Filter>CameraModule</Filter>
    </ClInclude>
    <ClInclude Include="coredump\MiniDumper.h">
      <Filter>coredump</Filter>
    </ClInclude>
    <ClInclude Include="libAVI\avilib.h">
      <Filter>libAVI</Filter>
    </ClInclude>
    <ClInclude Include="libAVI\cAviLib.h">
      <Filter>libAVI</Filter>
    </ClInclude>
    <ClInclude Include="utilityTool\log4z.h">
      <Filter>utilityTool</Filter>
    </ClInclude>
    <ClInclude Include="utilityTool\ToolFunction.h">
      <Filter>utilityTool</Filter>
    </ClInclude>
    <ClInclude Include="tinyxml\tinystr.h">
      <Filter>tinyxml</Filter>
    </ClInclude>
    <ClInclude Include="tinyxml\tinyxml.h">
      <Filter>tinyxml</Filter>
    </ClInclude>
    <ClInclude Include="resource.h">
      <Filter>头文件</Filter>
    </ClInclude>
    <ClInclude Include="SendStatues_def.h">
      <Filter>头文件</Filter>
    </ClInclude>
    <ClInclude Include="libVideoSaver\MyH264Vector.h">
      <Filter>libVideoSaver</Filter>
    </ClInclude>
    <ClInclude Include="libVideoSaver\CusH264Struct.h">
      <Filter>libVideoSaver</Filter>
    </ClInclude>
    <ClInclude Include="libVideoSaver\MyH264Saver.h">
      <Filter>libVideoSaver</Filter>
    </ClInclude>
    <ClInclude Include="utilityTool\CCusSemaohore.h">
      <Filter>utilityTool</Filter>
    </ClInclude>
  </ItemGroup>
  <ItemGroup>
    <ClCompile Include="stdafx.cpp">
      <Filter>源文件</Filter>
    </ClCompile>
    <ClCompile Include="VehRecDll.cpp">
      <Filter>源文件</Filter>
    </ClCompile>
    <ClCompile Include="dllmain.cpp">
      <Filter>源文件</Filter>
    </ClCompile>
    <ClCompile Include="CameraModule\BaseCamera.cpp">
      <Filter>CameraModule</Filter>
    </ClCompile>
    <ClCompile Include="CameraModule\Camera6467_plate.cpp">
      <Filter>CameraModule</Filter>
    </ClCompile>
    <ClCompile Include="CameraModule\Camera6467_VFR.cpp">
      <Filter>CameraModule</Filter>
    </ClCompile>
    <ClCompile Include="CameraModule\CameraResult.cpp">
      <Filter>CameraModule</Filter>
    </ClCompile>
    <ClCompile Include="CameraModule\DeviceListManager.cpp">
      <Filter>CameraModule</Filter>
    </ClCompile>
    <ClCompile Include="CameraModule\ResultListManager.cpp">
      <Filter>CameraModule</Filter>
    </ClCompile>
    <ClCompile Include="coredump\MiniDumper.cpp">
      <Filter>coredump</Filter>
    </ClCompile>
    <ClCompile Include="libAVI\avilib.c">
      <Filter>libAVI</Filter>
    </ClCompile>
    <ClCompile Include="libAVI\cAviLib.cpp">
      <Filter>libAVI</Filter>
    </ClCompile>
    <ClCompile Include="utilityTool\log4z.cpp">
      <Filter>utilityTool</Filter>
    </ClCompile>
    <ClCompile Include="utilityTool\ToolFunction.cpp">
      <Filter>utilityTool</Filter>
    </ClCompile>
    <ClCompile Include="tinyxml\tinystr.cpp">
      <Filter>tinyxml</Filter>
    </ClCompile>
    <ClCompile Include="tinyxml\tinyxml.cpp">
      <Filter>tinyxml</Filter>
    </ClCompile>
    <ClCompile Include="tinyxml\tinyxmlerror.cpp">
      <Filter>tinyxml</Filter>
    </ClCompile>
    <ClCompile Include="tinyxml\tinyxmlparser.cpp">
      <Filter>tinyxml</Filter>
    </ClCompile>
    <ClCompile Include="libVideoSaver\MyH264Vector.cpp">
      <Filter>libVideoSaver</Filter>
    </ClCompile>
    <ClCompile Include="libVideoSaver\CusH264Struct.cpp">
      <Filter>libVideoSaver</Filter>
    </ClCompile>
    <ClCompile Include="libVideoSaver\MyH264Saver.cpp">
      <Filter>libVideoSaver</Filter>
    </ClCompile>
    <ClCompile Include="utilityTool\CCusSemaohore.cpp">
      <Filter>utilityTool</Filter>
    </ClCompile>
  </ItemGroup>
  <ItemGroup>
    <ResourceCompile Include="VehRecDll.rc">
      <Filter>资源文件</Filter>
    </ResourceCompile>
  </ItemGroup>
  <ItemGroup>
    <None Include="VehRecDll.def">
      <Filter>源文件</Filter>
    </None>
  </ItemGroup>
</Project>